
Microsoft Visual Studio Solution File, Format Version 12.00
# Visual Studio Version 17
VisualStudioVersion = 17.4.33213.308
MinimumVisualStudioVersion = 10.0.40219.1
Project("{9A19103F-16F7-4668-BE54-9A1E7A4F7556}") = "nunit-exemple.Console", "nunit-exemple\nunit-exemple.Console.csproj", "{A85C1F17-767E-414D-8E49-C47EBCE8B93E}"
EndProject
Project("{9A19103F-16F7-4668-BE54-9A1E7A4F7556}") = "nunit-exemple.Tests", "nunit-exemple.Tests\nunit-exemple.Tests.csproj", "{8E4C10FE-1D31-4589-8F5F-D269C32310D1}"
EndProject
Project("{9A19103F-16F7-4668-BE54-9A1E7A4F7556}") = "nunit-exemplo.Api", "nunit-exemplo.Api\nunit-exemplo.Api.csproj", "{11BB2631-28C6-4003-B878-EE22C09FE8DE}"
EndProject
Project("{2150E333-8FDC-42A3-9474-1A3956D46DE8}") = "1 - Application", "1 - Application", "{E0892B81-D92E-4EB9-94D3-D01694A1BF48}"
EndProject
Project("{2150E333-8FDC-42A3-9474-1A3956D46DE8}") = "0 - Console", "0 - Console", "{6EFB8DD1-E2B9-4AE0-BCAD-0F9B359BDC5C}"
EndProject
Project("{2150E333-8FDC-42A3-9474-1A3956D46DE8}") = "5 - Tests", "5 - Tests", "{4F3118EB-8B87-4C78-85EC-65BCC7D00326}"
EndProject
Project("{2150E333-8FDC-42A3-9474-1A3956D46DE8}") = "2 - Domain", "2 - Domain", "{471DD4EB-2632-406C-B4C0-5B13A27EF5A5}"
EndProject
Project("{2150E333-8FDC-42A3-9474-1A3956D46DE8}") = "3 - Service", "3 - Service", "{3FC3900F-89CD-4F41-A535-32817F9F4E95}"
EndProject
Project("{2150E333-8FDC-42A3-9474-1A3956D46DE8}") = "4 - Infra", "4 - Infra", "{A372D818-3FFF-4B21-A42F-B58F4DB33F65}"
EndProject
Project("{2150E333-8FDC-42A3-9474-1A3956D46DE8}") = "4.1 - Data", "4.1 - Data", "{629DDCE1-94F2-4F2D-87AC-DDBD377B21E5}"
EndProject
Project("{2150E333-8FDC-42A3-9474-1A3956D46DE8}") = "4.2 - CrossCutting", "4.2 - CrossCutting", "{F91B0EC1-FE0D-4F9C-A930-4BA69B123936}"
EndProject
Project("{FAE04EC0-301F-11D3-BF4B-00C04F79EFBC}") = "nunit-exemplo.Domain", "nunit-exemplo.Domain\nunit-exemplo.Domain.csproj", "{C2B3D860-54CC-4E11-A354-8E6E17279AD1}"
EndProject
Project("{FAE04EC0-301F-11D3-BF4B-00C04F79EFBC}") = "nunit-exemplo.Service", "nunit-exemplo.Service\nunit-exemplo.Service.csproj", "{818D9577-693B-4A99-87E3-A5518ECA31FE}"
EndProject
Project("{FAE04EC0-301F-11D3-BF4B-00C04F79EFBC}") = "nunit-exemplo.Infra.Data", "nunit-exemplo.Infra.Data\nunit-exemplo.Infra.Data.csproj", "{4640220A-9112-414B-AC28-DB01D3E93E82}"
EndProject
Project("{FAE04EC0-301F-11D3-BF4B-00C04F79EFBC}") = "nunit-exemplo.Infra.CrossCutting", "nunit-exemplo.Infra.CrossCutting\nunit-exemplo.Infra.CrossCutting.csproj", "{48C25630-E411-4A0A-96C4-641D8EDDC6CA}"
EndProject
Global
	GlobalSection(SolutionConfigurationPlatforms) = preSolution
		Debug|Any CPU = Debug|Any CPU
		Release|Any CPU = Release|Any CPU
	EndGlobalSection
	GlobalSection(ProjectConfigurationPlatforms) = postSolution
		{A85C1F17-767E-414D-8E49-C47EBCE8B93E}.Debug|Any CPU.ActiveCfg = Debug|Any CPU
		{A85C1F17-767E-414D-8E49-C47EBCE8B93E}.Debug|Any CPU.Build.0 = Debug|Any CPU
		{A85C1F17-767E-414D-8E49-C47EBCE8B93E}.Release|Any CPU.ActiveCfg = Release|Any CPU
		{A85C1F17-767E-414D-8E49-C47EBCE8B93E}.Release|Any CPU.Build.0 = Release|Any CPU
		{8E4C10FE-1D31-4589-8F5F-D269C32310D1}.Debug|Any CPU.ActiveCfg = Debug|Any CPU
		{8E4C10FE-1D31-4589-8F5F-D269C32310D1}.Debug|Any CPU.Build.0 = Debug|Any CPU
		{8E4C10FE-1D31-4589-8F5F-D269C32310D1}.Release|Any CPU.ActiveCfg = Release|Any CPU
		{8E4C10FE-1D31-4589-8F5F-D269C32310D1}.Release|Any CPU.Build.0 = Release|Any CPU
		{11BB2631-28C6-4003-B878-EE22C09FE8DE}.Debug|Any CPU.ActiveCfg = Debug|Any CPU
		{11BB2631-28C6-4003-B878-EE22C09FE8DE}.Debug|Any CPU.Build.0 = Debug|Any CPU
		{11BB2631-28C6-4003-B878-EE22C09FE8DE}.Release|Any CPU.ActiveCfg = Release|Any CPU
		{11BB2631-28C6-4003-B878-EE22C09FE8DE}.Release|Any CPU.Build.0 = Release|Any CPU
		{C2B3D860-54CC-4E11-A354-8E6E17279AD1}.Debug|Any CPU.ActiveCfg = Debug|Any CPU
		{C2B3D860-54CC-4E11-A354-8E6E17279AD1}.Debug|Any CPU.Build.0 = Debug|Any CPU
		{C2B3D860-54CC-4E11-A354-8E6E17279AD1}.Release|Any CPU.ActiveCfg = Release|Any CPU
		{C2B3D860-54CC-4E11-A354-8E6E17279AD1}.Release|Any CPU.Build.0 = Release|Any CPU
		{818D9577-693B-4A99-87E3-A5518ECA31FE}.Debug|Any CPU.ActiveCfg = Debug|Any CPU
		{818D9577-693B-4A99-87E3-A5518ECA31FE}.Debug|Any CPU.Build.0 = Debug|Any CPU
		{818D9577-693B-4A99-87E3-A5518ECA31FE}.Release|Any CPU.ActiveCfg = Release|Any CPU
		{818D9577-693B-4A99-87E3-A5518ECA31FE}.Release|Any CPU.Build.0 = Release|Any CPU
		{4640220A-9112-414B-AC28-DB01D3E93E82}.Debug|Any CPU.ActiveCfg = Debug|Any CPU
		{4640220A-9112-414B-AC28-DB01D3E93E82}.Debug|Any CPU.Build.0 = Debug|Any CPU
		{4640220A-9112-414B-AC28-DB01D3E93E82}.Release|Any CPU.ActiveCfg = Release|Any CPU
		{4640220A-9112-414B-AC28-DB01D3E93E82}.Release|Any CPU.Build.0 = Release|Any CPU
		{48C25630-E411-4A0A-96C4-641D8EDDC6CA}.Debug|Any CPU.ActiveCfg = Debug|Any CPU
		{48C25630-E411-4A0A-96C4-641D8EDDC6CA}.Debug|Any CPU.Build.0 = Debug|Any CPU
		{48C25630-E411-4A0A-96C4-641D8EDDC6CA}.Release|Any CPU.ActiveCfg = Release|Any CPU
		{48C25630-E411-4A0A-96C4-641D8EDDC6CA}.Release|Any CPU.Build.0 = Release|Any CPU
	EndGlobalSection
	GlobalSection(SolutionProperties) = preSolution
		HideSolutionNode = FALSE
	EndGlobalSection
	GlobalSection(NestedProjects) = preSolution
		{A85C1F17-767E-414D-8E49-C47EBCE8B93E} = {6EFB8DD1-E2B9-4AE0-BCAD-0F9B359BDC5C}
		{8E4C10FE-1D31-4589-8F5F-D269C32310D1} = {4F3118EB-8B87-4C78-85EC-65BCC7D00326}
		{11BB2631-28C6-4003-B878-EE22C09FE8DE} = {E0892B81-D92E-4EB9-94D3-D01694A1BF48}
		{629DDCE1-94F2-4F2D-87AC-DDBD377B21E5} = {A372D818-3FFF-4B21-A42F-B58F4DB33F65}
		{F91B0EC1-FE0D-4F9C-A930-4BA69B123936} = {A372D818-3FFF-4B21-A42F-B58F4DB33F65}
		{C2B3D860-54CC-4E11-A354-8E6E17279AD1} = {471DD4EB-2632-406C-B4C0-5B13A27EF5A5}
		{818D9577-693B-4A99-87E3-A5518ECA31FE} = {3FC3900F-89CD-4F41-A535-32817F9F4E95}
		{4640220A-9112-414B-AC28-DB01D3E93E82} = {629DDCE1-94F2-4F2D-87AC-DDBD377B21E5}
		{48C25630-E411-4A0A-96C4-641D8EDDC6CA} = {F91B0EC1-FE0D-4F9C-A930-4BA69B123936}
	EndGlobalSection
	GlobalSection(ExtensibilityGlobals) = postSolution
		SolutionGuid = {8FF991AE-05F9-499B-88C7-732F22811173}
	EndGlobalSection
EndGlobal
